// !$*UTF8*$!
{
	archiveVersion = 1;
	classes = {
	};
	objectVersion = 56;
	objects = {

/* Begin PBXBuildFile section */
		1507F5A72AF99686006B2FCD /* AppDelegate.swift in Sources */ = {isa = PBXBuildFile; fileRef = 1507F5A62AF99686006B2FCD /* AppDelegate.swift */; };
		1507F5A92AF99686006B2FCD /* SceneDelegate.swift in Sources */ = {isa = PBXBuildFile; fileRef = 1507F5A82AF99686006B2FCD /* SceneDelegate.swift */; };
		1507F5AB2AF99686006B2FCD /* ViewController.swift in Sources */ = {isa = PBXBuildFile; fileRef = 1507F5AA2AF99686006B2FCD /* ViewController.swift */; };
		1507F5AE2AF99686006B2FCD /* Main.storyboard in Resources */ = {isa = PBXBuildFile; fileRef = 1507F5AC2AF99686006B2FCD /* Main.storyboard */; };
		1507F5B02AF99688006B2FCD /* Assets.xcassets in Resources */ = {isa = PBXBuildFile; fileRef = 1507F5AF2AF99688006B2FCD /* Assets.xcassets */; };
		1507F5B32AF99688006B2FCD /* LaunchScreen.storyboard in Resources */ = {isa = PBXBuildFile; fileRef = 1507F5B12AF99688006B2FCD /* LaunchScreen.storyboard */; };
		157001B12AFFC8D500C66F35 /* ExamListViewController.swift in Sources */ = {isa = PBXBuildFile; fileRef = 157001B02AFFC8D500C66F35 /* ExamListViewController.swift */; };
		157001B32AFFC8E900C66F35 /* ExamComposeViewController.swift in Sources */ = {isa = PBXBuildFile; fileRef = 157001B22AFFC8E900C66F35 /* ExamComposeViewController.swift */; };
		157001B52AFFC8FF00C66F35 /* ExamCell.swift in Sources */ = {isa = PBXBuildFile; fileRef = 157001B42AFFC8FF00C66F35 /* ExamCell.swift */; };
		157001B72AFFC96100C66F35 /* Exam.swift in Sources */ = {isa = PBXBuildFile; fileRef = 157001B62AFFC96100C66F35 /* Exam.swift */; };
		15E2D2392AFB282E00ECA285 /* HomeworkCell.swift in Sources */ = {isa = PBXBuildFile; fileRef = 15E2D2382AFB282E00ECA285 /* HomeworkCell.swift */; };
		15E2D23B2AFB2B4400ECA285 /* HomeworkListViewController.swift in Sources */ = {isa = PBXBuildFile; fileRef = 15E2D23A2AFB2B4400ECA285 /* HomeworkListViewController.swift */; };
		15E2D23D2AFB2D1100ECA285 /* Homework.swift in Sources */ = {isa = PBXBuildFile; fileRef = 15E2D23C2AFB2D1100ECA285 /* Homework.swift */; };
		15E2D23F2AFB498B00ECA285 /* HomeworkComposeViewController.swift in Sources */ = {isa = PBXBuildFile; fileRef = 15E2D23E2AFB498B00ECA285 /* HomeworkComposeViewController.swift */; };
		15F5C9672B024A7000623BC3 /* CalendarViewController.swift in Sources */ = {isa = PBXBuildFile; fileRef = 15F5C9662B024A7000623BC3 /* CalendarViewController.swift */; };
		15F5C9692B02535D00623BC3 /* Task.swift in Sources */ = {isa = PBXBuildFile; fileRef = 15F5C9682B02535D00623BC3 /* Task.swift */; };
		15F5C96B2B0257D200623BC3 /* TaskCell.swift in Sources */ = {isa = PBXBuildFile; fileRef = 15F5C96A2B0257D200623BC3 /* TaskCell.swift */; };
/* End PBXBuildFile section */

/* Begin PBXFileReference section */
		1507F5A32AF99686006B2FCD /* OnTrack.app */ = {isa = PBXFileReference; explicitFileType = wrapper.application; includeInIndex = 0; path = OnTrack.app; sourceTree = BUILT_PRODUCTS_DIR; };
		1507F5A62AF99686006B2FCD /* AppDelegate.swift */ = {isa = PBXFileReference; lastKnownFileType = sourcecode.swift; path = AppDelegate.swift; sourceTree = "<group>"; };
		1507F5A82AF99686006B2FCD /* SceneDelegate.swift */ = {isa = PBXFileReference; lastKnownFileType = sourcecode.swift; path = SceneDelegate.swift; sourceTree = "<group>"; };
		1507F5AA2AF99686006B2FCD /* ViewController.swift */ = {isa = PBXFileReference; lastKnownFileType = sourcecode.swift; path = ViewController.swift; sourceTree = "<group>"; };
		1507F5AD2AF99686006B2FCD /* Base */ = {isa = PBXFileReference; lastKnownFileType = file.storyboard; name = Base; path = Base.lproj/Main.storyboard; sourceTree = "<group>"; };
		1507F5AF2AF99688006B2FCD /* Assets.xcassets */ = {isa = PBXFileReference; lastKnownFileType = folder.assetcatalog; path = Assets.xcassets; sourceTree = "<group>"; };
		1507F5B22AF99688006B2FCD /* Base */ = {isa = PBXFileReference; lastKnownFileType = file.storyboard; name = Base; path = Base.lproj/LaunchScreen.storyboard; sourceTree = "<group>"; };
		1507F5B42AF99688006B2FCD /* Info.plist */ = {isa = PBXFileReference; lastKnownFileType = text.plist.xml; path = Info.plist; sourceTree = "<group>"; };
		157001B02AFFC8D500C66F35 /* ExamListViewController.swift */ = {isa = PBXFileReference; lastKnownFileType = sourcecode.swift; path = ExamListViewController.swift; sourceTree = "<group>"; };
		157001B22AFFC8E900C66F35 /* ExamComposeViewController.swift */ = {isa = PBXFileReference; lastKnownFileType = sourcecode.swift; path = ExamComposeViewController.swift; sourceTree = "<group>"; };
		157001B42AFFC8FF00C66F35 /* ExamCell.swift */ = {isa = PBXFileReference; lastKnownFileType = sourcecode.swift; path = ExamCell.swift; sourceTree = "<group>"; };
		157001B62AFFC96100C66F35 /* Exam.swift */ = {isa = PBXFileReference; lastKnownFileType = sourcecode.swift; path = Exam.swift; sourceTree = "<group>"; };
		15E2D2382AFB282E00ECA285 /* HomeworkCell.swift */ = {isa = PBXFileReference; lastKnownFileType = sourcecode.swift; path = HomeworkCell.swift; sourceTree = "<group>"; };
		15E2D23A2AFB2B4400ECA285 /* HomeworkListViewController.swift */ = {isa = PBXFileReference; lastKnownFileType = sourcecode.swift; path = HomeworkListViewController.swift; sourceTree = "<group>"; };
		15E2D23C2AFB2D1100ECA285 /* Homework.swift */ = {isa = PBXFileReference; lastKnownFileType = sourcecode.swift; path = Homework.swift; sourceTree = "<group>"; };
		15E2D23E2AFB498B00ECA285 /* HomeworkComposeViewController.swift */ = {isa = PBXFileReference; lastKnownFileType = sourcecode.swift; path = HomeworkComposeViewController.swift; sourceTree = "<group>"; };
		15F5C9662B024A7000623BC3 /* CalendarViewController.swift */ = {isa = PBXFileReference; lastKnownFileType = sourcecode.swift; path = CalendarViewController.swift; sourceTree = "<group>"; };
		15F5C9682B02535D00623BC3 /* Task.swift */ = {isa = PBXFileReference; lastKnownFileType = sourcecode.swift; path = Task.swift; sourceTree = "<group>"; };
		15F5C96A2B0257D200623BC3 /* TaskCell.swift */ = {isa = PBXFileReference; lastKnownFileType = sourcecode.swift; path = TaskCell.swift; sourceTree = "<group>"; };
/* End PBXFileReference section */

/* Begin PBXFrameworksBuildPhase section */
		1507F5A02AF99686006B2FCD /* Frameworks */ = {
			isa = PBXFrameworksBuildPhase;
			buildActionMask = 2147483647;
			files = (
			);
			runOnlyForDeploymentPostprocessing = 0;
		};
/* End PBXFrameworksBuildPhase section */

/* Begin PBXGroup section */
		1507F59A2AF99686006B2FCD = {
			isa = PBXGroup;
			children = (
				1507F5A52AF99686006B2FCD /* OnTrack */,
				1507F5A42AF99686006B2FCD /* Products */,
			);
			sourceTree = "<group>";
		};
		1507F5A42AF99686006B2FCD /* Products */ = {
			isa = PBXGroup;
			children = (
				1507F5A32AF99686006B2FCD /* OnTrack.app */,
			);
			name = Products;
			sourceTree = "<group>";
		};
		1507F5A52AF99686006B2FCD /* OnTrack */ = {
			isa = PBXGroup;
			children = (
				1507F5A62AF99686006B2FCD /* AppDelegate.swift */,
				1507F5A82AF99686006B2FCD /* SceneDelegate.swift */,
				1507F5AA2AF99686006B2FCD /* ViewController.swift */,
				1507F5AC2AF99686006B2FCD /* Main.storyboard */,
				15F5C9682B02535D00623BC3 /* Task.swift */,
				15F5C9662B024A7000623BC3 /* CalendarViewController.swift */,
				15F5C96A2B0257D200623BC3 /* TaskCell.swift */,
				157001B62AFFC96100C66F35 /* Exam.swift */,
				15E2D23A2AFB2B4400ECA285 /* HomeworkListViewController.swift */,
				15E2D23E2AFB498B00ECA285 /* HomeworkComposeViewController.swift */,
				157001B02AFFC8D500C66F35 /* ExamListViewController.swift */,
				157001B22AFFC8E900C66F35 /* ExamComposeViewController.swift */,
				157001B42AFFC8FF00C66F35 /* ExamCell.swift */,
				15E2D23C2AFB2D1100ECA285 /* Homework.swift */,
				15E2D2382AFB282E00ECA285 /* HomeworkCell.swift */,
				1507F5AF2AF99688006B2FCD /* Assets.xcassets */,
				1507F5B12AF99688006B2FCD /* LaunchScreen.storyboard */,
				1507F5B42AF99688006B2FCD /* Info.plist */,
			);
			path = OnTrack;
			sourceTree = "<group>";
		};
/* End PBXGroup section */

/* Begin PBXNativeTarget section */
		1507F5A22AF99686006B2FCD /* OnTrack */ = {
			isa = PBXNativeTarget;
			buildConfigurationList = 1507F5B72AF99688006B2FCD /* Build configuration list for PBXNativeTarget "OnTrack" */;
			buildPhases = (
				1507F59F2AF99686006B2FCD /* Sources */,
				1507F5A02AF99686006B2FCD /* Frameworks */,
				1507F5A12AF99686006B2FCD /* Resources */,
			);
			buildRules = (
			);
			dependencies = (
			);
			name = OnTrack;
			productName = OnTrack;
			productReference = 1507F5A32AF99686006B2FCD /* OnTrack.app */;
			productType = "com.apple.product-type.application";
		};
/* End PBXNativeTarget section */

/* Begin PBXProject section */
		1507F59B2AF99686006B2FCD /* Project object */ = {
			isa = PBXProject;
			attributes = {
				BuildIndependentTargetsInParallel = 1;
				LastSwiftUpdateCheck = 1500;
				LastUpgradeCheck = 1500;
				TargetAttributes = {
					1507F5A22AF99686006B2FCD = {
						CreatedOnToolsVersion = 15.0.1;
					};
				};
			};
			buildConfigurationList = 1507F59E2AF99686006B2FCD /* Build configuration list for PBXProject "OnTrack" */;
			compatibilityVersion = "Xcode 14.0";
			developmentRegion = en;
			hasScannedForEncodings = 0;
			knownRegions = (
				en,
				Base,
			);
			mainGroup = 1507F59A2AF99686006B2FCD;
			productRefGroup = 1507F5A42AF99686006B2FCD /* Products */;
			projectDirPath = "";
			projectRoot = "";
			targets = (
				1507F5A22AF99686006B2FCD /* OnTrack */,
			);
		};
/* End PBXProject section */

/* Begin PBXResourcesBuildPhase section */
		1507F5A12AF99686006B2FCD /* Resources */ = {
			isa = PBXResourcesBuildPhase;
			buildActionMask = 2147483647;
			files = (
				1507F5B32AF99688006B2FCD /* LaunchScreen.storyboard in Resources */,
				1507F5B02AF99688006B2FCD /* Assets.xcassets in Resources */,
				1507F5AE2AF99686006B2FCD /* Main.storyboard in Resources */,
			);
			runOnlyForDeploymentPostprocessing = 0;
		};
/* End PBXResourcesBuildPhase section */

/* Begin PBXSourcesBuildPhase section */
		1507F59F2AF99686006B2FCD /* Sources */ = {
			isa = PBXSourcesBuildPhase;
			buildActionMask = 2147483647;
			files = (
				15F5C9672B024A7000623BC3 /* CalendarViewController.swift in Sources */,
				157001B72AFFC96100C66F35 /* Exam.swift in Sources */,
				1507F5AB2AF99686006B2FCD /* ViewController.swift in Sources */,
				15E2D23B2AFB2B4400ECA285 /* HomeworkListViewController.swift in Sources */,
				15E2D2392AFB282E00ECA285 /* HomeworkCell.swift in Sources */,
				15E2D23F2AFB498B00ECA285 /* HomeworkComposeViewController.swift in Sources */,
				157001B52AFFC8FF00C66F35 /* ExamCell.swift in Sources */,
				157001B32AFFC8E900C66F35 /* ExamComposeViewController.swift in Sources */,
				15F5C96B2B0257D200623BC3 /* TaskCell.swift in Sources */,
				15F5C9692B02535D00623BC3 /* Task.swift in Sources */,
				1507F5A72AF99686006B2FCD /* AppDelegate.swift in Sources */,
				157001B12AFFC8D500C66F35 /* ExamListViewController.swift in Sources */,
				1507F5A92AF99686006B2FCD /* SceneDelegate.swift in Sources */,
				15E2D23D2AFB2D1100ECA285 /* Homework.swift in Sources */,
			);
			runOnlyForDeploymentPostprocessing = 0;
		};
/* End PBXSourcesBuildPhase section */

/* Begin PBXVariantGroup section */
		1507F5AC2AF99686006B2FCD /* Main.storyboard */ = {
			isa = PBXVariantGroup;
			children = (
				1507F5AD2AF99686006B2FCD /* Base */,
			);
			name = Main.storyboard;
			sourceTree = "<group>";
		};
		1507F5B12AF99688006B2FCD /* LaunchScreen.storyboard */ = {
			isa = PBXVariantGroup;
			children = (
				1507F5B22AF99688006B2FCD /* Base */,
			);
			name = LaunchScreen.storyboard;
			sourceTree = "<group>";
		};
/* End PBXVariantGroup section */

/* Begin XCBuildConfiguration section */
		1507F5B52AF99688006B2FCD /* Debug */ = {
			isa = XCBuildConfiguration;
			buildSettings = {
				ALWAYS_SEARCH_USER_PATHS = NO;
				ASSETCATALOG_COMPILER_GENERATE_SWIFT_ASSET_SYMBOL_EXTENSIONS = YES;
				CLANG_ANALYZER_NONNULL = YES;
				CLANG_ANALYZER_NUMBER_OBJECT_CONVERSION = YES_AGGRESSIVE;
				CLANG_CXX_LANGUAGE_STANDARD = "gnu++20";
				CLANG_ENABLE_MODULES = YES;
				CLANG_ENABLE_OBJC_ARC = YES;
				CLANG_ENABLE_OBJC_WEAK = YES;
				CLANG_WARN_BLOCK_CAPTURE_AUTORELEASING = YES;
				CLANG_WARN_BOOL_CONVERSION = YES;
				CLANG_WARN_COMMA = YES;
				CLANG_WARN_CONSTANT_CONVERSION = YES;
				CLANG_WARN_DEPRECATED_OBJC_IMPLEMENTATIONS = YES;
				CLANG_WARN_DIRECT_OBJC_ISA_USAGE = YES_ERROR;
				CLANG_WARN_DOCUMENTATION_COMMENTS = YES;
				CLANG_WARN_EMPTY_BODY = YES;
				CLANG_WARN_ENUM_CONVERSION = YES;
				CLANG_WARN_INFINITE_RECURSION = YES;
				CLANG_WARN_INT_CONVERSION = YES;
				CLANG_WARN_NON_LITERAL_NULL_CONVERSION = YES;
				CLANG_WARN_OBJC_IMPLICIT_RETAIN_SELF = YES;
				CLANG_WARN_OBJC_LITERAL_CONVERSION = YES;
				CLANG_WARN_OBJC_ROOT_CLASS = YES_ERROR;
				CLANG_WARN_QUOTED_INCLUDE_IN_FRAMEWORK_HEADER = YES;
				CLANG_WARN_RANGE_LOOP_ANALYSIS = YES;
				CLANG_WARN_STRICT_PROTOTYPES = YES;
				CLANG_WARN_SUSPICIOUS_MOVE = YES;
				CLANG_WARN_UNGUARDED_AVAILABILITY = YES_AGGRESSIVE;
				CLANG_WARN_UNREACHABLE_CODE = YES;
				CLANG_WARN__DUPLICATE_METHOD_MATCH = YES;
				COPY_PHASE_STRIP = NO;
				DEBUG_INFORMATION_FORMAT = dwarf;
				ENABLE_STRICT_OBJC_MSGSEND = YES;
				ENABLE_TESTABILITY = YES;
				ENABLE_USER_SCRIPT_SANDBOXING = YES;
				GCC_C_LANGUAGE_STANDARD = gnu17;
				GCC_DYNAMIC_NO_PIC = NO;
				GCC_NO_COMMON_BLOCKS = YES;
				GCC_OPTIMIZATION_LEVEL = 0;
				GCC_PREPROCESSOR_DEFINITIONS = (
					"DEBUG=1",
					"$(inherited)",
				);
				GCC_WARN_64_TO_32_BIT_CONVERSION = YES;
				GCC_WARN_ABOUT_RETURN_TYPE = YES_ERROR;
				GCC_WARN_UNDECLARED_SELECTOR = YES;
				GCC_WARN_UNINITIALIZED_AUTOS = YES_AGGRESSIVE;
				GCC_WARN_UNUSED_FUNCTION = YES;
				GCC_WARN_UNUSED_VARIABLE = YES;
				IPHONEOS_DEPLOYMENT_TARGET = 17.0;
				LOCALIZATION_PREFERS_STRING_CATALOGS = YES;
				MTL_ENABLE_DEBUG_INFO = INCLUDE_SOURCE;
				MTL_FAST_MATH = YES;
				ONLY_ACTIVE_ARCH = YES;
				SDKROOT = iphoneos;
				SWIFT_ACTIVE_COMPILATION_CONDITIONS = "DEBUG $(inherited)";
				SWIFT_OPTIMIZATION_LEVEL = "-Onone";
			};
			name = Debug;
		};
		1507F5B62AF99688006B2FCD /* Release */ = {
			isa = XCBuildConfiguration;
			buildSettings = {
				ALWAYS_SEARCH_USER_PATHS = NO;
				ASSETCATALOG_COMPILER_GENERATE_SWIFT_ASSET_SYMBOL_EXTENSIONS = YES;
				CLANG_ANALYZER_NONNULL = YES;
				CLANG_ANALYZER_NUMBER_OBJECT_CONVERSION = YES_AGGRESSIVE;
				CLANG_CXX_LANGUAGE_STANDARD = "gnu++20";
				CLANG_ENABLE_MODULES = YES;
				CLANG_ENABLE_OBJC_ARC = YES;
				CLANG_ENABLE_OBJC_WEAK = YES;
				CLANG_WARN_BLOCK_CAPTURE_AUTORELEASING = YES;
				CLANG_WARN_BOOL_CONVERSION = YES;
				CLANG_WARN_COMMA = YES;
				CLANG_WARN_CONSTANT_CONVERSION = YES;
				CLANG_WARN_DEPRECATED_OBJC_IMPLEMENTATIONS = YES;
				CLANG_WARN_DIRECT_OBJC_ISA_USAGE = YES_ERROR;
				CLANG_WARN_DOCUMENTATION_COMMENTS = YES;
				CLANG_WARN_EMPTY_BODY = YES;
				CLANG_WARN_ENUM_CONVERSION = YES;
				CLANG_WARN_INFINITE_RECURSION = YES;
				CLANG_WARN_INT_CONVERSION = YES;
				CLANG_WARN_NON_LITERAL_NULL_CONVERSION = YES;
				CLANG_WARN_OBJC_IMPLICIT_RETAIN_SELF = YES;
				CLANG_WARN_OBJC_LITERAL_CONVERSION = YES;
				CLANG_WARN_OBJC_ROOT_CLASS = YES_ERROR;
				CLANG_WARN_QUOTED_INCLUDE_IN_FRAMEWORK_HEADER = YES;
				CLANG_WARN_RANGE_LOOP_ANALYSIS = YES;
				CLANG_WARN_STRICT_PROTOTYPES = YES;
				CLANG_WARN_SUSPICIOUS_MOVE = YES;
				CLANG_WARN_UNGUARDED_AVAILABILITY = YES_AGGRESSIVE;
				CLANG_WARN_UNREACHABLE_CODE = YES;
				CLANG_WARN__DUPLICATE_METHOD_MATCH = YES;
				COPY_PHASE_STRIP = NO;
				DEBUG_INFORMATION_FORMAT = "dwarf-with-dsym";
				ENABLE_NS_ASSERTIONS = NO;
				ENABLE_STRICT_OBJC_MSGSEND = YES;
				ENABLE_USER_SCRIPT_SANDBOXING = YES;
				GCC_C_LANGUAGE_STANDARD = gnu17;
				GCC_NO_COMMON_BLOCKS = YES;
				GCC_WARN_64_TO_32_BIT_CONVERSION = YES;
				GCC_WARN_ABOUT_RETURN_TYPE = YES_ERROR;
				GCC_WARN_UNDECLARED_SELECTOR = YES;
				GCC_WARN_UNINITIALIZED_AUTOS = YES_AGGRESSIVE;
				GCC_WARN_UNUSED_FUNCTION = YES;
				GCC_WARN_UNUSED_VARIABLE = YES;
				IPHONEOS_DEPLOYMENT_TARGET = 17.0;
				LOCALIZATION_PREFERS_STRING_CATALOGS = YES;
				MTL_ENABLE_DEBUG_INFO = NO;
				MTL_FAST_MATH = YES;
				SDKROOT = iphoneos;
				SWIFT_COMPILATION_MODE = wholemodule;
				VALIDATE_PRODUCT = YES;
			};
			name = Release;
		};
		1507F5B82AF99688006B2FCD /* Debug */ = {
			isa = XCBuildConfiguration;
			buildSettings = {
				ASSETCATALOG_COMPILER_APPICON_NAME = AppIcon;
				ASSETCATALOG_COMPILER_GLOBAL_ACCENT_COLOR_NAME = AccentColor;
				CODE_SIGN_STYLE = Automatic;
				CURRENT_PROJECT_VERSION = 1;
				GENERATE_INFOPLIST_FILE = YES;
				INFOPLIST_FILE = OnTrack/Info.plist;
				INFOPLIST_KEY_UIApplicationSupportsIndirectInputEvents = YES;
				INFOPLIST_KEY_UILaunchStoryboardName = LaunchScreen;
				INFOPLIST_KEY_UIMainStoryboardFile = Main;
				INFOPLIST_KEY_UISupportedInterfaceOrientations_iPad = "UIInterfaceOrientationPortrait UIInterfaceOrientationPortraitUpsideDown UIInterfaceOrientationLandscapeLeft UIInterfaceOrientationLandscapeRight";
				INFOPLIST_KEY_UISupportedInterfaceOrientations_iPhone = "UIInterfaceOrientationPortrait UIInterfaceOrientationLandscapeLeft UIInterfaceOrientationLandscapeRight";
				LD_RUNPATH_SEARCH_PATHS = (
					"$(inherited)",
					"@executable_path/Frameworks",
				);
				MARKETING_VERSION = 1.0;
				PRODUCT_BUNDLE_IDENTIFIER = "Fiyin-Afolayan.OnTrack";
				PRODUCT_NAME = "$(TARGET_NAME)";
				SWIFT_EMIT_LOC_STRINGS = YES;
				SWIFT_VERSION = 5.0;
				TARGETED_DEVICE_FAMILY = "1,2";
			};
			name = Debug;
		};
		1507F5B92AF99688006B2FCD /* Release */ = {
			isa = XCBuildConfiguration;
			buildSettings = {
				ASSETCATALOG_COMPILER_APPICON_NAME = AppIcon;
				ASSETCATALOG_COMPILER_GLOBAL_ACCENT_COLOR_NAME = AccentColor;
				CODE_SIGN_STYLE = Automatic;
				CURRENT_PROJECT_VERSION = 1;
				GENERATE_INFOPLIST_FILE = YES;
				INFOPLIST_FILE = OnTrack/Info.plist;
				INFOPLIST_KEY_UIApplicationSupportsIndirectInputEvents = YES;
				INFOPLIST_KEY_UILaunchStoryboardName = LaunchScreen;
				INFOPLIST_KEY_UIMainStoryboardFile = Main;
				INFOPLIST_KEY_UISupportedInterfaceOrientations_iPad = "UIInterfaceOrientationPortrait UIInterfaceOrientationPortraitUpsideDown UIInterfaceOrientationLandscapeLeft UIInterfaceOrientationLandscapeRight";
				INFOPLIST_KEY_UISupportedInterfaceOrientations_iPhone = "UIInterfaceOrientationPortrait UIInterfaceOrientationLandscapeLeft UIInterfaceOrientationLandscapeRight";
				LD_RUNPATH_SEARCH_PATHS = (
					"$(inherited)",
					"@executable_path/Frameworks",
				);
				MARKETING_VERSION = 1.0;
				PRODUCT_BUNDLE_IDENTIFIER = "Fiyin-Afolayan.OnTrack";
				PRODUCT_NAME = "$(TARGET_NAME)";
				SWIFT_EMIT_LOC_STRINGS = YES;
				SWIFT_VERSION = 5.0;
				TARGETED_DEVICE_FAMILY = "1,2";
			};
			name = Release;
		};
/* End XCBuildConfiguration section */

/* Begin XCConfigurationList section */
		1507F59E2AF99686006B2FCD /* Build configuration list for PBXProject "OnTrack" */ = {
			isa = XCConfigurationList;
			buildConfigurations = (
				1507F5B52AF99688006B2FCD /* Debug */,
				1507F5B62AF99688006B2FCD /* Release */,
			);
			defaultConfigurationIsVisible = 0;
			defaultConfigurationName = Release;
		};
		1507F5B72AF99688006B2FCD /* Build configuration list for PBXNativeTarget "OnTrack" */ = {
			isa = XCConfigurationList;
			buildConfigurations = (
				1507F5B82AF99688006B2FCD /* Debug */,
				1507F5B92AF99688006B2FCD /* Release */,
			);
			defaultConfigurationIsVisible = 0;
			defaultConfigurationName = Release;
		};
/* End XCConfigurationList section */
	};
	rootObject = 1507F59B2AF99686006B2FCD /* Project object */;
}
